
Microsoft Visual Studio Solution File, Format Version 12.00
# Visual Studio Version 16
VisualStudioVersion = 16.0.28721.148
MinimumVisualStudioVersion = 10.0.40219.1
Project("{FAE04EC0-301F-11D3-BF4B-00C04F79EFBC}") = "Server", "testeSlimPeachPie\Server\Server.csproj", "{DB86A6BC-7F7B-4E5C-BFA6-5921AA8DFC54}"
EndProject
Project("{13B669BE-BB05-4DDF-9536-439F39A36129}") = "testeSlimPeachPie", "testeSlimPeachPie\testeSlimPeachPie\testeSlimPeachPie.msbuildproj", "{75CBFAC5-27DA-43B3-88F1-5B4F667E92D9}"
EndProject
Global
	GlobalSection(SolutionConfigurationPlatforms) = preSolution
		Debug|Any CPU = Debug|Any CPU
		Release|Any CPU = Release|Any CPU
	EndGlobalSection
	GlobalSection(ProjectConfigurationPlatforms) = postSolution
		{DB86A6BC-7F7B-4E5C-BFA6-5921AA8DFC54}.Debug|Any CPU.ActiveCfg = Debug|Any CPU
		{DB86A6BC-7F7B-4E5C-BFA6-5921AA8DFC54}.Debug|Any CPU.Build.0 = Debug|Any CPU
		{DB86A6BC-7F7B-4E5C-BFA6-5921AA8DFC54}.Release|Any CPU.ActiveCfg = Release|Any CPU
		{DB86A6BC-7F7B-4E5C-BFA6-5921AA8DFC54}.Release|Any CPU.Build.0 = Release|Any CPU
		{75CBFAC5-27DA-43B3-88F1-5B4F667E92D9}.Debug|Any CPU.ActiveCfg = Debug|Any CPU
		{75CBFAC5-27DA-43B3-88F1-5B4F667E92D9}.Debug|Any CPU.Build.0 = Debug|Any CPU
		{75CBFAC5-27DA-43B3-88F1-5B4F667E92D9}.Release|Any CPU.ActiveCfg = Release|Any CPU
		{75CBFAC5-27DA-43B3-88F1-5B4F667E92D9}.Release|Any CPU.Build.0 = Release|Any CPU
	EndGlobalSection
	GlobalSection(SolutionProperties) = preSolution
		HideSolutionNode = FALSE
	EndGlobalSection
	GlobalSection(ExtensibilityGlobals) = postSolution
		SolutionGuid = {9ED53B66-7C5C-48F3-9763-724683AE89B4}
	EndGlobalSection
EndGlobal
